
Microsoft Visual Studio Solution File, Format Version 12.00
# Visual Studio Version 17
VisualStudioVersion = 17.10.35004.147
MinimumVisualStudioVersion = 10.0.40219.1
Project("{FAE04EC0-301F-11D3-BF4B-00C04F79EFBC}") = "FirebaseAuth.Android", "FirebaseAuth\FirebaseAuth.Android\FirebaseAuth.Android.csproj", "{B1511985-DC1B-44BC-B34F-F30C025A742B}"
EndProject
Project("{FAE04EC0-301F-11D3-BF4B-00C04F79EFBC}") = "FirebaseAuth", "FirebaseAuth\FirebaseAuth\FirebaseAuth.csproj", "{FDE29569-56A8-4B36-A6B9-B44D4A24CC40}"
EndProject
Global
	GlobalSection(SolutionConfigurationPlatforms) = preSolution
		Debug|Any CPU = Debug|Any CPU
		Release|Any CPU = Release|Any CPU
	EndGlobalSection
	GlobalSection(ProjectConfigurationPlatforms) = postSolution
		{B1511985-DC1B-44BC-B34F-F30C025A742B}.Debug|Any CPU.ActiveCfg = Debug|Any CPU
		{B1511985-DC1B-44BC-B34F-F30C025A742B}.Debug|Any CPU.Build.0 = Debug|Any CPU
		{B1511985-DC1B-44BC-B34F-F30C025A742B}.Debug|Any CPU.Deploy.0 = Debug|Any CPU
		{B1511985-DC1B-44BC-B34F-F30C025A742B}.Release|Any CPU.ActiveCfg = Release|Any CPU
		{B1511985-DC1B-44BC-B34F-F30C025A742B}.Release|Any CPU.Build.0 = Release|Any CPU
		{B1511985-DC1B-44BC-B34F-F30C025A742B}.Release|Any CPU.Deploy.0 = Release|Any CPU
		{FDE29569-56A8-4B36-A6B9-B44D4A24CC40}.Debug|Any CPU.ActiveCfg = Debug|Any CPU
		{FDE29569-56A8-4B36-A6B9-B44D4A24CC40}.Debug|Any CPU.Build.0 = Debug|Any CPU
		{FDE29569-56A8-4B36-A6B9-B44D4A24CC40}.Debug|Any CPU.Deploy.0 = Debug|Any CPU
		{FDE29569-56A8-4B36-A6B9-B44D4A24CC40}.Release|Any CPU.ActiveCfg = Release|Any CPU
		{FDE29569-56A8-4B36-A6B9-B44D4A24CC40}.Release|Any CPU.Build.0 = Release|Any CPU
		{FDE29569-56A8-4B36-A6B9-B44D4A24CC40}.Release|Any CPU.Deploy.0 = Release|Any CPU
	EndGlobalSection
	GlobalSection(SolutionProperties) = preSolution
		HideSolutionNode = FALSE
	EndGlobalSection
	GlobalSection(ExtensibilityGlobals) = postSolution
		SolutionGuid = {0FD476F1-1B0A-42C1-B526-EE39BD6C5876}
	EndGlobalSection
EndGlobal
